
Microsoft Visual Studio Solution File, Format Version 12.00
# Visual Studio Version 16
VisualStudioVersion = 16.0.31424.327
MinimumVisualStudioVersion = 10.0.40219.1
Project("{9A19103F-16F7-4668-BE54-9A1E7A4F7556}") = "Programa de Estagio BS2- Filipe Paula", "Programa de Estagio BS2- Filipe Paula\Programa de Estagio BS2- Filipe Paula.csproj", "{C9CD3C6F-CC8C-4C65-A5AD-8B89F7912003}"
EndProject
Global
	GlobalSection(SolutionConfigurationPlatforms) = preSolution
		Debug|Any CPU = Debug|Any CPU
		Release|Any CPU = Release|Any CPU
	EndGlobalSection
	GlobalSection(ProjectConfigurationPlatforms) = postSolution
		{C9CD3C6F-CC8C-4C65-A5AD-8B89F7912003}.Debug|Any CPU.ActiveCfg = Debug|Any CPU
		{C9CD3C6F-CC8C-4C65-A5AD-8B89F7912003}.Debug|Any CPU.Build.0 = Debug|Any CPU
		{C9CD3C6F-CC8C-4C65-A5AD-8B89F7912003}.Release|Any CPU.ActiveCfg = Release|Any CPU
		{C9CD3C6F-CC8C-4C65-A5AD-8B89F7912003}.Release|Any CPU.Build.0 = Release|Any CPU
	EndGlobalSection
	GlobalSection(SolutionProperties) = preSolution
		HideSolutionNode = FALSE
	EndGlobalSection
	GlobalSection(ExtensibilityGlobals) = postSolution
		SolutionGuid = {401B150D-4417-42EB-A77D-6F88E0AE03D4}
	EndGlobalSection
EndGlobal
